
Microsoft Visual Studio Solution File, Format Version 12.00
# Visual Studio 2012
Project("{FAE04EC0-301F-11D3-BF4B-00C04F79EFBC}") = "Trie", "Trie.csproj", "{354F0D1B-79C8-4C3B-B0B7-A79F69334D25}"
EndProject
Global
	GlobalSection(SolutionConfigurationPlatforms) = preSolution
		Debug|Any CPU = Debug|Any CPU
		Release|Any CPU = Release|Any CPU
	EndGlobalSection
	GlobalSection(ProjectConfigurationPlatforms) = postSolution
		{354F0D1B-79C8-4C3B-B0B7-A79F69334D25}.Debug|Any CPU.ActiveCfg = Debug|Any CPU
		{354F0D1B-79C8-4C3B-B0B7-A79F69334D25}.Debug|Any CPU.Build.0 = Debug|Any CPU
		{354F0D1B-79C8-4C3B-B0B7-A79F69334D25}.Release|Any CPU.ActiveCfg = Release|Any CPU
		{354F0D1B-79C8-4C3B-B0B7-A79F69334D25}.Release|Any CPU.Build.0 = Release|Any CPU
	EndGlobalSection
	GlobalSection(SolutionProperties) = preSolution
		HideSolutionNode = FALSE
	EndGlobalSection
EndGlobal
